
Microsoft Visual Studio Solution File, Format Version 12.00
# Visual Studio Version 17
VisualStudioVersion = 17.5.33414.496
MinimumVisualStudioVersion = 10.0.40219.1
Project("{9A19103F-16F7-4668-BE54-9A1E7A4F7556}") = "APIScaneo", "APIScaneo\APIScaneo.csproj", "{4D3756E5-E5D1-4687-B097-1D827E80FD05}"
EndProject
Project("{9A19103F-16F7-4668-BE54-9A1E7A4F7556}") = "clsScaneo", "clsScaneo\clsScaneo.csproj", "{EB0B08F9-867C-4381-848D-2FC63F401D6B}"
EndProject
Global
	GlobalSection(SolutionConfigurationPlatforms) = preSolution
		Debug|Any CPU = Debug|Any CPU
		Release|Any CPU = Release|Any CPU
	EndGlobalSection
	GlobalSection(ProjectConfigurationPlatforms) = postSolution
		{4D3756E5-E5D1-4687-B097-1D827E80FD05}.Debug|Any CPU.ActiveCfg = Debug|Any CPU
		{4D3756E5-E5D1-4687-B097-1D827E80FD05}.Debug|Any CPU.Build.0 = Debug|Any CPU
		{4D3756E5-E5D1-4687-B097-1D827E80FD05}.Release|Any CPU.ActiveCfg = Release|Any CPU
		{4D3756E5-E5D1-4687-B097-1D827E80FD05}.Release|Any CPU.Build.0 = Release|Any CPU
		{EB0B08F9-867C-4381-848D-2FC63F401D6B}.Debug|Any CPU.ActiveCfg = Debug|Any CPU
		{EB0B08F9-867C-4381-848D-2FC63F401D6B}.Debug|Any CPU.Build.0 = Debug|Any CPU
		{EB0B08F9-867C-4381-848D-2FC63F401D6B}.Release|Any CPU.ActiveCfg = Release|Any CPU
		{EB0B08F9-867C-4381-848D-2FC63F401D6B}.Release|Any CPU.Build.0 = Release|Any CPU
	EndGlobalSection
	GlobalSection(SolutionProperties) = preSolution
		HideSolutionNode = FALSE
	EndGlobalSection
	GlobalSection(ExtensibilityGlobals) = postSolution
		SolutionGuid = {EE9FA343-3B22-45E1-AB92-D93AA19D68C7}
	EndGlobalSection
EndGlobal
